
Microsoft Visual Studio Solution File, Format Version 12.00
# Visual Studio Version 16
VisualStudioVersion = 16.0.30204.135
MinimumVisualStudioVersion = 10.0.40219.1
Project("{9A19103F-16F7-4668-BE54-9A1E7A4F7556}") = "AvaloniaReactorUI.DemoApp", "AvaloniaReactorUI.DemoApp\AvaloniaReactorUI.DemoApp.csproj", "{3513EAA4-0B16-4B35-8369-4F7834A48DE7}"
EndProject
Project("{9A19103F-16F7-4668-BE54-9A1E7A4F7556}") = "AvaloniaReactorUI", "AvaloniaReactorUI\AvaloniaReactorUI.csproj", "{F1CCCD5C-ECC6-4C19-A2E2-60A9435347A3}"
EndProject
Project("{9A19103F-16F7-4668-BE54-9A1E7A4F7556}") = "AvaloniaReactorUI.ScaffoldApp", "AvaloniaReactorUI.ScaffoldApp\AvaloniaReactorUI.ScaffoldApp.csproj", "{EBF6234D-578B-4C58-A777-FB4716DDA312}"
EndProject
Project("{9A19103F-16F7-4668-BE54-9A1E7A4F7556}") = "AvaloniaReactorUI.ScaffoldConsole", "AvaloniaReactorUI.ScaffoldConsole\AvaloniaReactorUI.ScaffoldConsole.csproj", "{A75BE548-80A6-4AB8-99AD-D0712AC6FEBC}"
EndProject
Project("{9A19103F-16F7-4668-BE54-9A1E7A4F7556}") = "AvaloniaReactorUI.Host", "AvaloniaReactorUI.Host\AvaloniaReactorUI.Host.csproj", "{CCB1E6B8-4B7C-4BE9-8DC3-4D09B5567714}"
EndProject
Global
	GlobalSection(SolutionConfigurationPlatforms) = preSolution
		Debug|Any CPU = Debug|Any CPU
		Release|Any CPU = Release|Any CPU
	EndGlobalSection
	GlobalSection(ProjectConfigurationPlatforms) = postSolution
		{3513EAA4-0B16-4B35-8369-4F7834A48DE7}.Debug|Any CPU.ActiveCfg = Debug|Any CPU
		{3513EAA4-0B16-4B35-8369-4F7834A48DE7}.Debug|Any CPU.Build.0 = Debug|Any CPU
		{3513EAA4-0B16-4B35-8369-4F7834A48DE7}.Release|Any CPU.ActiveCfg = Release|Any CPU
		{3513EAA4-0B16-4B35-8369-4F7834A48DE7}.Release|Any CPU.Build.0 = Release|Any CPU
		{F1CCCD5C-ECC6-4C19-A2E2-60A9435347A3}.Debug|Any CPU.ActiveCfg = Debug|Any CPU
		{F1CCCD5C-ECC6-4C19-A2E2-60A9435347A3}.Debug|Any CPU.Build.0 = Debug|Any CPU
		{F1CCCD5C-ECC6-4C19-A2E2-60A9435347A3}.Release|Any CPU.ActiveCfg = Release|Any CPU
		{F1CCCD5C-ECC6-4C19-A2E2-60A9435347A3}.Release|Any CPU.Build.0 = Release|Any CPU
		{EBF6234D-578B-4C58-A777-FB4716DDA312}.Debug|Any CPU.ActiveCfg = Debug|Any CPU
		{EBF6234D-578B-4C58-A777-FB4716DDA312}.Debug|Any CPU.Build.0 = Debug|Any CPU
		{EBF6234D-578B-4C58-A777-FB4716DDA312}.Release|Any CPU.ActiveCfg = Release|Any CPU
		{EBF6234D-578B-4C58-A777-FB4716DDA312}.Release|Any CPU.Build.0 = Release|Any CPU
		{A75BE548-80A6-4AB8-99AD-D0712AC6FEBC}.Debug|Any CPU.ActiveCfg = Debug|Any CPU
		{A75BE548-80A6-4AB8-99AD-D0712AC6FEBC}.Debug|Any CPU.Build.0 = Debug|Any CPU
		{A75BE548-80A6-4AB8-99AD-D0712AC6FEBC}.Release|Any CPU.ActiveCfg = Release|Any CPU
		{A75BE548-80A6-4AB8-99AD-D0712AC6FEBC}.Release|Any CPU.Build.0 = Release|Any CPU
		{CCB1E6B8-4B7C-4BE9-8DC3-4D09B5567714}.Debug|Any CPU.ActiveCfg = Debug|Any CPU
		{CCB1E6B8-4B7C-4BE9-8DC3-4D09B5567714}.Debug|Any CPU.Build.0 = Debug|Any CPU
		{CCB1E6B8-4B7C-4BE9-8DC3-4D09B5567714}.Release|Any CPU.ActiveCfg = Release|Any CPU
		{CCB1E6B8-4B7C-4BE9-8DC3-4D09B5567714}.Release|Any CPU.Build.0 = Release|Any CPU
	EndGlobalSection
	GlobalSection(SolutionProperties) = preSolution
		HideSolutionNode = FALSE
	EndGlobalSection
	GlobalSection(ExtensibilityGlobals) = postSolution
		SolutionGuid = {46EE6AC1-95D9-40B7-BC2F-1F6E9442FD7B}
	EndGlobalSection
EndGlobal
